
Microsoft Visual Studio Solution File, Format Version 12.00
# Visual Studio 15
Project("{FAE04EC0-301F-11D3-BF4B-00C04F79EFBC}") = "Assembly-CSharp", "Assembly-CSharp.csproj", "{9FADAB24-6AC8-F471-B33F-EF3F538696F7}"
EndProject
Project("{FAE04EC0-301F-11D3-BF4B-00C04F79EFBC}") = "Assembly-CSharp-Editor", "Assembly-CSharp-Editor.csproj", "{A8FFEB20-E0CC-B87A-E1BA-3D4954429529}"
EndProject
Global
	GlobalSection(SolutionConfigurationPlatforms) = preSolution
		Debug|Any CPU = Debug|Any CPU
		Release|Any CPU = Release|Any CPU
	EndGlobalSection
	GlobalSection(ProjectConfigurationPlatforms) = postSolution
		{9FADAB24-6AC8-F471-B33F-EF3F538696F7}.Debug|Any CPU.ActiveCfg = Debug|Any CPU
		{9FADAB24-6AC8-F471-B33F-EF3F538696F7}.Debug|Any CPU.Build.0 = Debug|Any CPU
		{9FADAB24-6AC8-F471-B33F-EF3F538696F7}.Release|Any CPU.ActiveCfg = Release|Any CPU
		{9FADAB24-6AC8-F471-B33F-EF3F538696F7}.Release|Any CPU.Build.0 = Release|Any CPU
		{A8FFEB20-E0CC-B87A-E1BA-3D4954429529}.Debug|Any CPU.ActiveCfg = Debug|Any CPU
		{A8FFEB20-E0CC-B87A-E1BA-3D4954429529}.Debug|Any CPU.Build.0 = Debug|Any CPU
		{A8FFEB20-E0CC-B87A-E1BA-3D4954429529}.Release|Any CPU.ActiveCfg = Release|Any CPU
		{A8FFEB20-E0CC-B87A-E1BA-3D4954429529}.Release|Any CPU.Build.0 = Release|Any CPU
	EndGlobalSection
	GlobalSection(SolutionProperties) = preSolution
		HideSolutionNode = FALSE
	EndGlobalSection
EndGlobal
